
Microsoft Visual Studio Solution File, Format Version 12.00
# Visual Studio 2012
Project("{8BC9CEB8-8B4A-11D0-8D11-00A0C91BC942}") = "HW 1.1", "HW 1.1\HW 1.1.vcxproj", "{AA64E815-1BEF-467C-B3D7-B759651FF558}"
EndProject
Global
	GlobalSection(SolutionConfigurationPlatforms) = preSolution
		Debug|Win32 = Debug|Win32
		Release|Win32 = Release|Win32
	EndGlobalSection
	GlobalSection(ProjectConfigurationPlatforms) = postSolution
		{AA64E815-1BEF-467C-B3D7-B759651FF558}.Debug|Win32.ActiveCfg = Debug|Win32
		{AA64E815-1BEF-467C-B3D7-B759651FF558}.Debug|Win32.Build.0 = Debug|Win32
		{AA64E815-1BEF-467C-B3D7-B759651FF558}.Release|Win32.ActiveCfg = Release|Win32
		{AA64E815-1BEF-467C-B3D7-B759651FF558}.Release|Win32.Build.0 = Release|Win32
	EndGlobalSection
	GlobalSection(SolutionProperties) = preSolution
		HideSolutionNode = FALSE
	EndGlobalSection
EndGlobal
